
Microsoft Visual Studio Solution File, Format Version 12.00
# Visual Studio Version 16
VisualStudioVersion = 16.0.30621.155
MinimumVisualStudioVersion = 10.0.40219.1
Project("{FAE04EC0-301F-11D3-BF4B-00C04F79EFBC}") = "ConsoleApp1", "ConsoleApp1.csproj", "{43603745-0757-4BC8-853B-FDED6F540947}"
EndProject
Global
	GlobalSection(SolutionConfigurationPlatforms) = preSolution
		Debug|Any CPU = Debug|Any CPU
		Release|Any CPU = Release|Any CPU
	EndGlobalSection
	GlobalSection(ProjectConfigurationPlatforms) = postSolution
		{43603745-0757-4BC8-853B-FDED6F540947}.Debug|Any CPU.ActiveCfg = Debug|Any CPU
		{43603745-0757-4BC8-853B-FDED6F540947}.Debug|Any CPU.Build.0 = Debug|Any CPU
		{43603745-0757-4BC8-853B-FDED6F540947}.Release|Any CPU.ActiveCfg = Release|Any CPU
		{43603745-0757-4BC8-853B-FDED6F540947}.Release|Any CPU.Build.0 = Release|Any CPU
	EndGlobalSection
	GlobalSection(SolutionProperties) = preSolution
		HideSolutionNode = FALSE
	EndGlobalSection
	GlobalSection(ExtensibilityGlobals) = postSolution
		SolutionGuid = {D8A0C8F0-5D06-4466-B620-DA5A3D1AA342}
	EndGlobalSection
EndGlobal
